
Microsoft Visual Studio Solution File, Format Version 12.00
# Visual Studio 15
Project("{FAE04EC0-301F-11D3-BF4B-00C04F79EFBC}") = "spine-unity-examples", "spine-unity-examples.csproj", "{3ACE2CD4-B0FD-77BD-9CAC-165B14BBBA05}"
EndProject
Project("{FAE04EC0-301F-11D3-BF4B-00C04F79EFBC}") = "spine-unity", "spine-unity.csproj", "{0DE10F9D-E346-8039-F6CB-104C69DC67E8}"
EndProject
Project("{FAE04EC0-301F-11D3-BF4B-00C04F79EFBC}") = "Assembly-CSharp", "Assembly-CSharp.csproj", "{58867686-99F6-140C-1EAC-4A9BF86719B8}"
EndProject
Project("{FAE04EC0-301F-11D3-BF4B-00C04F79EFBC}") = "spine-unity-editor", "spine-unity-editor.csproj", "{463802F3-2DFA-DA99-3C0D-F4579A7653DB}"
EndProject
Project("{FAE04EC0-301F-11D3-BF4B-00C04F79EFBC}") = "spine-unity-examples-editor", "spine-unity-examples-editor.csproj", "{900836E8-3B5E-537A-4E7F-206DBC5F75DE}"
EndProject
Global
	GlobalSection(SolutionConfigurationPlatforms) = preSolution
		Debug|Any CPU = Debug|Any CPU
		Release|Any CPU = Release|Any CPU
	EndGlobalSection
	GlobalSection(ProjectConfigurationPlatforms) = postSolution
		{3ACE2CD4-B0FD-77BD-9CAC-165B14BBBA05}.Debug|Any CPU.ActiveCfg = Debug|Any CPU
		{3ACE2CD4-B0FD-77BD-9CAC-165B14BBBA05}.Debug|Any CPU.Build.0 = Debug|Any CPU
		{3ACE2CD4-B0FD-77BD-9CAC-165B14BBBA05}.Release|Any CPU.ActiveCfg = Release|Any CPU
		{3ACE2CD4-B0FD-77BD-9CAC-165B14BBBA05}.Release|Any CPU.Build.0 = Release|Any CPU
		{0DE10F9D-E346-8039-F6CB-104C69DC67E8}.Debug|Any CPU.ActiveCfg = Debug|Any CPU
		{0DE10F9D-E346-8039-F6CB-104C69DC67E8}.Debug|Any CPU.Build.0 = Debug|Any CPU
		{0DE10F9D-E346-8039-F6CB-104C69DC67E8}.Release|Any CPU.ActiveCfg = Release|Any CPU
		{0DE10F9D-E346-8039-F6CB-104C69DC67E8}.Release|Any CPU.Build.0 = Release|Any CPU
		{58867686-99F6-140C-1EAC-4A9BF86719B8}.Debug|Any CPU.ActiveCfg = Debug|Any CPU
		{58867686-99F6-140C-1EAC-4A9BF86719B8}.Debug|Any CPU.Build.0 = Debug|Any CPU
		{58867686-99F6-140C-1EAC-4A9BF86719B8}.Release|Any CPU.ActiveCfg = Release|Any CPU
		{58867686-99F6-140C-1EAC-4A9BF86719B8}.Release|Any CPU.Build.0 = Release|Any CPU
		{463802F3-2DFA-DA99-3C0D-F4579A7653DB}.Debug|Any CPU.ActiveCfg = Debug|Any CPU
		{463802F3-2DFA-DA99-3C0D-F4579A7653DB}.Debug|Any CPU.Build.0 = Debug|Any CPU
		{463802F3-2DFA-DA99-3C0D-F4579A7653DB}.Release|Any CPU.ActiveCfg = Release|Any CPU
		{463802F3-2DFA-DA99-3C0D-F4579A7653DB}.Release|Any CPU.Build.0 = Release|Any CPU
		{900836E8-3B5E-537A-4E7F-206DBC5F75DE}.Debug|Any CPU.ActiveCfg = Debug|Any CPU
		{900836E8-3B5E-537A-4E7F-206DBC5F75DE}.Debug|Any CPU.Build.0 = Debug|Any CPU
		{900836E8-3B5E-537A-4E7F-206DBC5F75DE}.Release|Any CPU.ActiveCfg = Release|Any CPU
		{900836E8-3B5E-537A-4E7F-206DBC5F75DE}.Release|Any CPU.Build.0 = Release|Any CPU
	EndGlobalSection
	GlobalSection(SolutionProperties) = preSolution
		HideSolutionNode = FALSE
	EndGlobalSection
EndGlobal
